// !$*UTF8*$!
{
	archiveVersion = 1;
	classes = {
	};
	objectVersion = 50;
	objects = {

/* Begin PBXBuildFile section */
		BB0212D52401B9FA0016EC0F /* Minesweeper WatchKit App.app in Embed Watch Content */ = {isa = PBXBuildFile; fileRef = BB0212D42401B9FA0016EC0F /* Minesweeper WatchKit App.app */; settings = {ATTRIBUTES = (RemoveHeadersOnCopy, ); }; };
		BB0212DB2401B9FA0016EC0F /* Interface.storyboard in Resources */ = {isa = PBXBuildFile; fileRef = BB0212D92401B9FA0016EC0F /* Interface.storyboard */; };
		BB0212DD2401B9FE0016EC0F /* Assets.xcassets in Resources */ = {isa = PBXBuildFile; fileRef = BB0212DC2401B9FE0016EC0F /* Assets.xcassets */; };
		BB0212E42401B9FF0016EC0F /* Minesweeper WatchKit Extension.appex in Embed App Extensions */ = {isa = PBXBuildFile; fileRef = BB0212E32401B9FF0016EC0F /* Minesweeper WatchKit Extension.appex */; settings = {ATTRIBUTES = (RemoveHeadersOnCopy, ); }; };
		BB0212E92401B9FF0016EC0F /* InterfaceController.swift in Sources */ = {isa = PBXBuildFile; fileRef = BB0212E82401B9FF0016EC0F /* InterfaceController.swift */; };
		BB0212EB2401B9FF0016EC0F /* ExtensionDelegate.swift in Sources */ = {isa = PBXBuildFile; fileRef = BB0212EA2401B9FF0016EC0F /* ExtensionDelegate.swift */; };
		BB0212ED2401B9FF0016EC0F /* Assets.xcassets in Resources */ = {isa = PBXBuildFile; fileRef = BB0212EC2401B9FF0016EC0F /* Assets.xcassets */; };
/* End PBXBuildFile section */

/* Begin PBXContainerItemProxy section */
		BB0212D62401B9FA0016EC0F /* PBXContainerItemProxy */ = {
			isa = PBXContainerItemProxy;
			containerPortal = BB0212CA2401B9FA0016EC0F /* Project object */;
			proxyType = 1;
			remoteGlobalIDString = BB0212D32401B9FA0016EC0F;
			remoteInfo = "Minesweeper WatchKit App";
		};
		BB0212E52401B9FF0016EC0F /* PBXContainerItemProxy */ = {
			isa = PBXContainerItemProxy;
			containerPortal = BB0212CA2401B9FA0016EC0F /* Project object */;
			proxyType = 1;
			remoteGlobalIDString = BB0212E22401B9FF0016EC0F;
			remoteInfo = "Minesweeper WatchKit Extension";
		};
/* End PBXContainerItemProxy section */

/* Begin PBXCopyFilesBuildPhase section */
		BB0212F42401B9FF0016EC0F /* Embed App Extensions */ = {
			isa = PBXCopyFilesBuildPhase;
			buildActionMask = 2147483647;
			dstPath = "";
			dstSubfolderSpec = 13;
			files = (
				BB0212E42401B9FF0016EC0F /* Minesweeper WatchKit Extension.appex in Embed App Extensions */,
			);
			name = "Embed App Extensions";
			runOnlyForDeploymentPostprocessing = 0;
		};
		BB0212F82401B9FF0016EC0F /* Embed Watch Content */ = {
			isa = PBXCopyFilesBuildPhase;
			buildActionMask = 2147483647;
			dstPath = "$(CONTENTS_FOLDER_PATH)/Watch";
			dstSubfolderSpec = 16;
			files = (
				BB0212D52401B9FA0016EC0F /* Minesweeper WatchKit App.app in Embed Watch Content */,
			);
			name = "Embed Watch Content";
			runOnlyForDeploymentPostprocessing = 0;
		};
/* End PBXCopyFilesBuildPhase section */

/* Begin PBXFileReference section */
		BB0212D02401B9FA0016EC0F /* Minesweeper.app */ = {isa = PBXFileReference; explicitFileType = wrapper.application; includeInIndex = 0; path = Minesweeper.app; sourceTree = BUILT_PRODUCTS_DIR; };
		BB0212D42401B9FA0016EC0F /* Minesweeper WatchKit App.app */ = {isa = PBXFileReference; explicitFileType = wrapper.application; includeInIndex = 0; path = "Minesweeper WatchKit App.app"; sourceTree = BUILT_PRODUCTS_DIR; };
		BB0212DA2401B9FA0016EC0F /* Base */ = {isa = PBXFileReference; lastKnownFileType = file.storyboard; name = Base; path = Base.lproj/Interface.storyboard; sourceTree = "<group>"; };
		BB0212DC2401B9FE0016EC0F /* Assets.xcassets */ = {isa = PBXFileReference; lastKnownFileType = folder.assetcatalog; path = Assets.xcassets; sourceTree = "<group>"; };
		BB0212DE2401B9FE0016EC0F /* Info.plist */ = {isa = PBXFileReference; lastKnownFileType = text.plist.xml; path = Info.plist; sourceTree = "<group>"; };
		BB0212E32401B9FF0016EC0F /* Minesweeper WatchKit Extension.appex */ = {isa = PBXFileReference; explicitFileType = "wrapper.app-extension"; includeInIndex = 0; path = "Minesweeper WatchKit Extension.appex"; sourceTree = BUILT_PRODUCTS_DIR; };
		BB0212E82401B9FF0016EC0F /* InterfaceController.swift */ = {isa = PBXFileReference; lastKnownFileType = sourcecode.swift; path = InterfaceController.swift; sourceTree = "<group>"; };
		BB0212EA2401B9FF0016EC0F /* ExtensionDelegate.swift */ = {isa = PBXFileReference; lastKnownFileType = sourcecode.swift; path = ExtensionDelegate.swift; sourceTree = "<group>"; };
		BB0212EC2401B9FF0016EC0F /* Assets.xcassets */ = {isa = PBXFileReference; lastKnownFileType = folder.assetcatalog; path = Assets.xcassets; sourceTree = "<group>"; };
		BB0212EE2401B9FF0016EC0F /* Info.plist */ = {isa = PBXFileReference; lastKnownFileType = text.plist.xml; path = Info.plist; sourceTree = "<group>"; };
/* End PBXFileReference section */

/* Begin PBXFrameworksBuildPhase section */
		BB0212E02401B9FF0016EC0F /* Frameworks */ = {
			isa = PBXFrameworksBuildPhase;
			buildActionMask = 2147483647;
			files = (
			);
			runOnlyForDeploymentPostprocessing = 0;
		};
/* End PBXFrameworksBuildPhase section */

/* Begin PBXGroup section */
		BB0212C92401B9FA0016EC0F = {
			isa = PBXGroup;
			children = (
				BB0212D82401B9FA0016EC0F /* Minesweeper WatchKit App */,
				BB0212E72401B9FF0016EC0F /* Minesweeper WatchKit Extension */,
				BB0212D12401B9FA0016EC0F /* Products */,
			);
			sourceTree = "<group>";
		};
		BB0212D12401B9FA0016EC0F /* Products */ = {
			isa = PBXGroup;
			children = (
				BB0212D02401B9FA0016EC0F /* Minesweeper.app */,
				BB0212D42401B9FA0016EC0F /* Minesweeper WatchKit App.app */,
				BB0212E32401B9FF0016EC0F /* Minesweeper WatchKit Extension.appex */,
			);
			name = Products;
			sourceTree = "<group>";
		};
		BB0212D82401B9FA0016EC0F /* Minesweeper WatchKit App */ = {
			isa = PBXGroup;
			children = (
				BB0212D92401B9FA0016EC0F /* Interface.storyboard */,
				BB0212DC2401B9FE0016EC0F /* Assets.xcassets */,
				BB0212DE2401B9FE0016EC0F /* Info.plist */,
			);
			path = "Minesweeper WatchKit App";
			sourceTree = "<group>";
		};
		BB0212E72401B9FF0016EC0F /* Minesweeper WatchKit Extension */ = {
			isa = PBXGroup;
			children = (
				BB0212E82401B9FF0016EC0F /* InterfaceController.swift */,
				BB0212EA2401B9FF0016EC0F /* ExtensionDelegate.swift */,
				BB0212EC2401B9FF0016EC0F /* Assets.xcassets */,
				BB0212EE2401B9FF0016EC0F /* Info.plist */,
			);
			path = "Minesweeper WatchKit Extension";
			sourceTree = "<group>";
		};
/* End PBXGroup section */

/* Begin PBXNativeTarget section */
		BB0212CF2401B9FA0016EC0F /* Minesweeper */ = {
			isa = PBXNativeTarget;
			buildConfigurationList = BB0212F92401B9FF0016EC0F /* Build configuration list for PBXNativeTarget "Minesweeper" */;
			buildPhases = (
				BB0212CE2401B9FA0016EC0F /* Resources */,
				BB0212F82401B9FF0016EC0F /* Embed Watch Content */,
			);
			buildRules = (
			);
			dependencies = (
				BB0212D72401B9FA0016EC0F /* PBXTargetDependency */,
			);
			name = Minesweeper;
			productName = Minesweeper;
			productReference = BB0212D02401B9FA0016EC0F /* Minesweeper.app */;
			productType = "com.apple.product-type.application.watchapp2-container";
		};
		BB0212D32401B9FA0016EC0F /* Minesweeper WatchKit App */ = {
			isa = PBXNativeTarget;
			buildConfigurationList = BB0212F52401B9FF0016EC0F /* Build configuration list for PBXNativeTarget "Minesweeper WatchKit App" */;
			buildPhases = (
				BB0212D22401B9FA0016EC0F /* Resources */,
				BB0212F42401B9FF0016EC0F /* Embed App Extensions */,
			);
			buildRules = (
			);
			dependencies = (
				BB0212E62401B9FF0016EC0F /* PBXTargetDependency */,
			);
			name = "Minesweeper WatchKit App";
			productName = "Minesweeper WatchKit App";
			productReference = BB0212D42401B9FA0016EC0F /* Minesweeper WatchKit App.app */;
			productType = "com.apple.product-type.application.watchapp2";
		};
		BB0212E22401B9FF0016EC0F /* Minesweeper WatchKit Extension */ = {
			isa = PBXNativeTarget;
			buildConfigurationList = BB0212F12401B9FF0016EC0F /* Build configuration list for PBXNativeTarget "Minesweeper WatchKit Extension" */;
			buildPhases = (
				BB0212DF2401B9FF0016EC0F /* Sources */,
				BB0212E02401B9FF0016EC0F /* Frameworks */,
				BB0212E12401B9FF0016EC0F /* Resources */,
			);
			buildRules = (
			);
			dependencies = (
			);
			name = "Minesweeper WatchKit Extension";
			productName = "Minesweeper WatchKit Extension";
			productReference = BB0212E32401B9FF0016EC0F /* Minesweeper WatchKit Extension.appex */;
			productType = "com.apple.product-type.watchkit2-extension";
		};
/* End PBXNativeTarget section */

/* Begin PBXProject section */
		BB0212CA2401B9FA0016EC0F /* Project object */ = {
			isa = PBXProject;
			attributes = {
				LastSwiftUpdateCheck = 1130;
				LastUpgradeCheck = 1130;
				ORGANIZATIONNAME = "Andrew Muncey";
				TargetAttributes = {
					BB0212CF2401B9FA0016EC0F = {
						CreatedOnToolsVersion = 11.3.1;
					};
					BB0212D32401B9FA0016EC0F = {
						CreatedOnToolsVersion = 11.3.1;
					};
					BB0212E22401B9FF0016EC0F = {
						CreatedOnToolsVersion = 11.3.1;
					};
				};
			};
			buildConfigurationList = BB0212CD2401B9FA0016EC0F /* Build configuration list for PBXProject "Minesweeper" */;
			compatibilityVersion = "Xcode 9.3";
			developmentRegion = en;
			hasScannedForEncodings = 0;
			knownRegions = (
				en,
				Base,
			);
			mainGroup = BB0212C92401B9FA0016EC0F;
			productRefGroup = BB0212D12401B9FA0016EC0F /* Products */;
			projectDirPath = "";
			projectRoot = "";
			targets = (
				BB0212CF2401B9FA0016EC0F /* Minesweeper */,
				BB0212D32401B9FA0016EC0F /* Minesweeper WatchKit App */,
				BB0212E22401B9FF0016EC0F /* Minesweeper WatchKit Extension */,
			);
		};
/* End PBXProject section */

/* Begin PBXResourcesBuildPhase section */
		BB0212CE2401B9FA0016EC0F /* Resources */ = {
			isa = PBXResourcesBuildPhase;
			buildActionMask = 2147483647;
			files = (
			);
			runOnlyForDeploymentPostprocessing = 0;
		};
		BB0212D22401B9FA0016EC0F /* Resources */ = {
			isa = PBXResourcesBuildPhase;
			buildActionMask = 2147483647;
			files = (
				BB0212DD2401B9FE0016EC0F /* Assets.xcassets in Resources */,
				BB0212DB2401B9FA0016EC0F /* Interface.storyboard in Resources */,
			);
			runOnlyForDeploymentPostprocessing = 0;
		};
		BB0212E12401B9FF0016EC0F /* Resources */ = {
			isa = PBXResourcesBuildPhase;
			buildActionMask = 2147483647;
			files = (
				BB0212ED2401B9FF0016EC0F /* Assets.xcassets in Resources */,
			);
			runOnlyForDeploymentPostprocessing = 0;
		};
/* End PBXResourcesBuildPhase section */

/* Begin PBXSourcesBuildPhase section */
		BB0212DF2401B9FF0016EC0F /* Sources */ = {
			isa = PBXSourcesBuildPhase;
			buildActionMask = 2147483647;
			files = (
				BB0212EB2401B9FF0016EC0F /* ExtensionDelegate.swift in Sources */,
				BB0212E92401B9FF0016EC0F /* InterfaceController.swift in Sources */,
			);
			runOnlyForDeploymentPostprocessing = 0;
		};
/* End PBXSourcesBuildPhase section */

/* Begin PBXTargetDependency section */
		BB0212D72401B9FA0016EC0F /* PBXTargetDependency */ = {
			isa = PBXTargetDependency;
			target = BB0212D32401B9FA0016EC0F /* Minesweeper WatchKit App */;
			targetProxy = BB0212D62401B9FA0016EC0F /* PBXContainerItemProxy */;
		};
		BB0212E62401B9FF0016EC0F /* PBXTargetDependency */ = {
			isa = PBXTargetDependency;
			target = BB0212E22401B9FF0016EC0F /* Minesweeper WatchKit Extension */;
			targetProxy = BB0212E52401B9FF0016EC0F /* PBXContainerItemProxy */;
		};
/* End PBXTargetDependency section */

/* Begin PBXVariantGroup section */
		BB0212D92401B9FA0016EC0F /* Interface.storyboard */ = {
			isa = PBXVariantGroup;
			children = (
				BB0212DA2401B9FA0016EC0F /* Base */,
			);
			name = Interface.storyboard;
			sourceTree = "<group>";
		};
/* End PBXVariantGroup section */

/* Begin XCBuildConfiguration section */
		BB0212EF2401B9FF0016EC0F /* Debug */ = {
			isa = XCBuildConfiguration;
			buildSettings = {
				ALWAYS_SEARCH_USER_PATHS = NO;
				CLANG_ANALYZER_NONNULL = YES;
				CLANG_ANALYZER_NUMBER_OBJECT_CONVERSION = YES_AGGRESSIVE;
				CLANG_CXX_LANGUAGE_STANDARD = "gnu++14";
				CLANG_CXX_LIBRARY = "libc++";
				CLANG_ENABLE_MODULES = YES;
				CLANG_ENABLE_OBJC_ARC = YES;
				CLANG_ENABLE_OBJC_WEAK = YES;
				CLANG_WARN_BLOCK_CAPTURE_AUTORELEASING = YES;
				CLANG_WARN_BOOL_CONVERSION = YES;
				CLANG_WARN_COMMA = YES;
				CLANG_WARN_CONSTANT_CONVERSION = YES;
				CLANG_WARN_DEPRECATED_OBJC_IMPLEMENTATIONS = YES;
				CLANG_WARN_DIRECT_OBJC_ISA_USAGE = YES_ERROR;
				CLANG_WARN_DOCUMENTATION_COMMENTS = YES;
				CLANG_WARN_EMPTY_BODY = YES;
				CLANG_WARN_ENUM_CONVERSION = YES;
				CLANG_WARN_INFINITE_RECURSION = YES;
				CLANG_WARN_INT_CONVERSION = YES;
				CLANG_WARN_NON_LITERAL_NULL_CONVERSION = YES;
				CLANG_WARN_OBJC_IMPLICIT_RETAIN_SELF = YES;
				CLANG_WARN_OBJC_LITERAL_CONVERSION = YES;
				CLANG_WARN_OBJC_ROOT_CLASS = YES_ERROR;
				CLANG_WARN_RANGE_LOOP_ANALYSIS = YES;
				CLANG_WARN_STRICT_PROTOTYPES = YES;
				CLANG_WARN_SUSPICIOUS_MOVE = YES;
				CLANG_WARN_UNGUARDED_AVAILABILITY = YES_AGGRESSIVE;
				CLANG_WARN_UNREACHABLE_CODE = YES;
				CLANG_WARN__DUPLICATE_METHOD_MATCH = YES;
				COPY_PHASE_STRIP = NO;
				DEBUG_INFORMATION_FORMAT = dwarf;
				ENABLE_STRICT_OBJC_MSGSEND = YES;
				ENABLE_TESTABILITY = YES;
				GCC_C_LANGUAGE_STANDARD = gnu11;
				GCC_DYNAMIC_NO_PIC = NO;
				GCC_NO_COMMON_BLOCKS = YES;
				GCC_OPTIMIZATION_LEVEL = 0;
				GCC_PREPROCESSOR_DEFINITIONS = (
					"DEBUG=1",
					"$(inherited)",
				);
				GCC_WARN_64_TO_32_BIT_CONVERSION = YES;
				GCC_WARN_ABOUT_RETURN_TYPE = YES_ERROR;
				GCC_WARN_UNDECLARED_SELECTOR = YES;
				GCC_WARN_UNINITIALIZED_AUTOS = YES_AGGRESSIVE;
				GCC_WARN_UNUSED_FUNCTION = YES;
				GCC_WARN_UNUSED_VARIABLE = YES;
				MTL_ENABLE_DEBUG_INFO = INCLUDE_SOURCE;
				MTL_FAST_MATH = YES;
				ONLY_ACTIVE_ARCH = YES;
				SDKROOT = iphoneos;
				SWIFT_ACTIVE_COMPILATION_CONDITIONS = DEBUG;
				SWIFT_OPTIMIZATION_LEVEL = "-Onone";
			};
			name = Debug;
		};
		BB0212F02401B9FF0016EC0F /* Release */ = {
			isa = XCBuildConfiguration;
			buildSettings = {
				ALWAYS_SEARCH_USER_PATHS = NO;
				CLANG_ANALYZER_NONNULL = YES;
				CLANG_ANALYZER_NUMBER_OBJECT_CONVERSION = YES_AGGRESSIVE;
				CLANG_CXX_LANGUAGE_STANDARD = "gnu++14";
				CLANG_CXX_LIBRARY = "libc++";
				CLANG_ENABLE_MODULES = YES;
				CLANG_ENABLE_OBJC_ARC = YES;
				CLANG_ENABLE_OBJC_WEAK = YES;
				CLANG_WARN_BLOCK_CAPTURE_AUTORELEASING = YES;
				CLANG_WARN_BOOL_CONVERSION = YES;
				CLANG_WARN_COMMA = YES;
				CLANG_WARN_CONSTANT_CONVERSION = YES;
				CLANG_WARN_DEPRECATED_OBJC_IMPLEMENTATIONS = YES;
				CLANG_WARN_DIRECT_OBJC_ISA_USAGE = YES_ERROR;
				CLANG_WARN_DOCUMENTATION_COMMENTS = YES;
				CLANG_WARN_EMPTY_BODY = YES;
				CLANG_WARN_ENUM_CONVERSION = YES;
				CLANG_WARN_INFINITE_RECURSION = YES;
				CLANG_WARN_INT_CONVERSION = YES;
				CLANG_WARN_NON_LITERAL_NULL_CONVERSION = YES;
				CLANG_WARN_OBJC_IMPLICIT_RETAIN_SELF = YES;
				CLANG_WARN_OBJC_LITERAL_CONVERSION = YES;
				CLANG_WARN_OBJC_ROOT_CLASS = YES_ERROR;
				CLANG_WARN_RANGE_LOOP_ANALYSIS = YES;
				CLANG_WARN_STRICT_PROTOTYPES = YES;
				CLANG_WARN_SUSPICIOUS_MOVE = YES;
				CLANG_WARN_UNGUARDED_AVAILABILITY = YES_AGGRESSIVE;
				CLANG_WARN_UNREACHABLE_CODE = YES;
				CLANG_WARN__DUPLICATE_METHOD_MATCH = YES;
				COPY_PHASE_STRIP = NO;
				DEBUG_INFORMATION_FORMAT = "dwarf-with-dsym";
				ENABLE_NS_ASSERTIONS = NO;
				ENABLE_STRICT_OBJC_MSGSEND = YES;
				GCC_C_LANGUAGE_STANDARD = gnu11;
				GCC_NO_COMMON_BLOCKS = YES;
				GCC_WARN_64_TO_32_BIT_CONVERSION = YES;
				GCC_WARN_ABOUT_RETURN_TYPE = YES_ERROR;
				GCC_WARN_UNDECLARED_SELECTOR = YES;
				GCC_WARN_UNINITIALIZED_AUTOS = YES_AGGRESSIVE;
				GCC_WARN_UNUSED_FUNCTION = YES;
				GCC_WARN_UNUSED_VARIABLE = YES;
				MTL_ENABLE_DEBUG_INFO = NO;
				MTL_FAST_MATH = YES;
				SDKROOT = iphoneos;
				SWIFT_COMPILATION_MODE = wholemodule;
				SWIFT_OPTIMIZATION_LEVEL = "-O";
				VALIDATE_PRODUCT = YES;
			};
			name = Release;
		};
		BB0212F22401B9FF0016EC0F /* Debug */ = {
			isa = XCBuildConfiguration;
			buildSettings = {
				ASSETCATALOG_COMPILER_COMPLICATION_NAME = Complication;
				CODE_SIGN_STYLE = Automatic;
				INFOPLIST_FILE = "Minesweeper WatchKit Extension/Info.plist";
				LD_RUNPATH_SEARCH_PATHS = (
					"$(inherited)",
					"@executable_path/Frameworks",
					"@executable_path/../../Frameworks",
				);
				PRODUCT_BUNDLE_IDENTIFIER = com.tinyappco.Minesweeper.watchkitapp.watchkitextension;
				PRODUCT_NAME = "${TARGET_NAME}";
				SDKROOT = watchos;
				SKIP_INSTALL = YES;
				SWIFT_VERSION = 5.0;
				TARGETED_DEVICE_FAMILY = 4;
				WATCHOS_DEPLOYMENT_TARGET = 6.1;
			};
			name = Debug;
		};
		BB0212F32401B9FF0016EC0F /* Release */ = {
			isa = XCBuildConfiguration;
			buildSettings = {
				ASSETCATALOG_COMPILER_COMPLICATION_NAME = Complication;
				CODE_SIGN_STYLE = Automatic;
				INFOPLIST_FILE = "Minesweeper WatchKit Extension/Info.plist";
				LD_RUNPATH_SEARCH_PATHS = (
					"$(inherited)",
					"@executable_path/Frameworks",
					"@executable_path/../../Frameworks",
				);
				PRODUCT_BUNDLE_IDENTIFIER = com.tinyappco.Minesweeper.watchkitapp.watchkitextension;
				PRODUCT_NAME = "${TARGET_NAME}";
				SDKROOT = watchos;
				SKIP_INSTALL = YES;
				SWIFT_VERSION = 5.0;
				TARGETED_DEVICE_FAMILY = 4;
				WATCHOS_DEPLOYMENT_TARGET = 6.1;
			};
			name = Release;
		};
		BB0212F62401B9FF0016EC0F /* Debug */ = {
			isa = XCBuildConfiguration;
			buildSettings = {
				ALWAYS_EMBED_SWIFT_STANDARD_LIBRARIES = YES;
				ASSETCATALOG_COMPILER_APPICON_NAME = AppIcon;
				CODE_SIGN_STYLE = Automatic;
				IBSC_MODULE = Minesweeper_WatchKit_Extension;
				INFOPLIST_FILE = "Minesweeper WatchKit App/Info.plist";
				PRODUCT_BUNDLE_IDENTIFIER = com.tinyappco.Minesweeper.watchkitapp;
				PRODUCT_NAME = "$(TARGET_NAME)";
				SDKROOT = watchos;
				SKIP_INSTALL = YES;
				SWIFT_VERSION = 5.0;
				TARGETED_DEVICE_FAMILY = 4;
				WATCHOS_DEPLOYMENT_TARGET = 6.1;
			};
			name = Debug;
		};
		BB0212F72401B9FF0016EC0F /* Release */ = {
			isa = XCBuildConfiguration;
			buildSettings = {
				ALWAYS_EMBED_SWIFT_STANDARD_LIBRARIES = YES;
				ASSETCATALOG_COMPILER_APPICON_NAME = AppIcon;
				CODE_SIGN_STYLE = Automatic;
				IBSC_MODULE = Minesweeper_WatchKit_Extension;
				INFOPLIST_FILE = "Minesweeper WatchKit App/Info.plist";
				PRODUCT_BUNDLE_IDENTIFIER = com.tinyappco.Minesweeper.watchkitapp;
				PRODUCT_NAME = "$(TARGET_NAME)";
				SDKROOT = watchos;
				SKIP_INSTALL = YES;
				SWIFT_VERSION = 5.0;
				TARGETED_DEVICE_FAMILY = 4;
				WATCHOS_DEPLOYMENT_TARGET = 6.1;
			};
			name = Release;
		};
		BB0212FA2401B9FF0016EC0F /* Debug */ = {
			isa = XCBuildConfiguration;
			buildSettings = {
				CODE_SIGN_STYLE = Automatic;
				CURRENT_PROJECT_VERSION = 1;
				MARKETING_VERSION = 1.0;
				PRODUCT_BUNDLE_IDENTIFIER = com.tinyappco.Minesweeper;
				PRODUCT_NAME = "$(TARGET_NAME)";
				SWIFT_VERSION = 5.0;
			};
			name = Debug;
		};
		BB0212FB2401B9FF0016EC0F /* Release */ = {
			isa = XCBuildConfiguration;
			buildSettings = {
				CODE_SIGN_STYLE = Automatic;
				CURRENT_PROJECT_VERSION = 1;
				MARKETING_VERSION = 1.0;
				PRODUCT_BUNDLE_IDENTIFIER = com.tinyappco.Minesweeper;
				PRODUCT_NAME = "$(TARGET_NAME)";
				SWIFT_VERSION = 5.0;
			};
			name = Release;
		};
/* End XCBuildConfiguration section */

/* Begin XCConfigurationList section */
		BB0212CD2401B9FA0016EC0F /* Build configuration list for PBXProject "Minesweeper" */ = {
			isa = XCConfigurationList;
			buildConfigurations = (
				BB0212EF2401B9FF0016EC0F /* Debug */,
				BB0212F02401B9FF0016EC0F /* Release */,
			);
			defaultConfigurationIsVisible = 0;
			defaultConfigurationName = Release;
		};
		BB0212F12401B9FF0016EC0F /* Build configuration list for PBXNativeTarget "Minesweeper WatchKit Extension" */ = {
			isa = XCConfigurationList;
			buildConfigurations = (
				BB0212F22401B9FF0016EC0F /* Debug */,
				BB0212F32401B9FF0016EC0F /* Release */,
			);
			defaultConfigurationIsVisible = 0;
			defaultConfigurationName = Release;
		};
		BB0212F52401B9FF0016EC0F /* Build configuration list for PBXNativeTarget "Minesweeper WatchKit App" */ = {
			isa = XCConfigurationList;
			buildConfigurations = (
				BB0212F62401B9FF0016EC0F /* Debug */,
				BB0212F72401B9FF0016EC0F /* Release */,
			);
			defaultConfigurationIsVisible = 0;
			defaultConfigurationName = Release;
		};
		BB0212F92401B9FF0016EC0F /* Build configuration list for PBXNativeTarget "Minesweeper" */ = {
			isa = XCConfigurationList;
			buildConfigurations = (
				BB0212FA2401B9FF0016EC0F /* Debug */,
				BB0212FB2401B9FF0016EC0F /* Release */,
			);
			defaultConfigurationIsVisible = 0;
			defaultConfigurationName = Release;
		};
/* End XCConfigurationList section */
	};
	rootObject = BB0212CA2401B9FA0016EC0F /* Project object */;
}
